Microsoft Visual Studio Solution File, Format Version 12.00
# Visual Studio 2013
VisualStudioVersion = 12.0.40629.0
MinimumVisualStudioVersion = 10.0.40219.1
Project("{8BC9CEB8-8B4A-11D0-8D11-00A0C91BC942}") = "ALL_BUILD", "ALL_BUILD.vcxproj", "{065797EE-8784-4DEE-A59D-151640A96F5B}"
	ProjectSection(ProjectDependencies) = postProject
		{70C6D345-F2A8-4E3D-92AB-B40B2244D7E0} = {70C6D345-F2A8-4E3D-92AB-B40B2244D7E0}
		{7D1D9C1D-1903-44DA-B509-757846AA8201} = {7D1D9C1D-1903-44DA-B509-757846AA8201}
		{93DFBF9B-AB87-4B45-ACDC-FD89D354A916} = {93DFBF9B-AB87-4B45-ACDC-FD89D354A916}
		{EAAD8713-8A66-4D48-881F-F2C679732F17} = {EAAD8713-8A66-4D48-881F-F2C679732F17}
		{A4459C65-46FE-4180-A543-C5611D2415C9} = {A4459C65-46FE-4180-A543-C5611D2415C9}
		{35ADD655-0E54-4757-9EB3-33455C048CE7} = {35ADD655-0E54-4757-9EB3-33455C048CE7}
		{581B9FE7-7A15-4AF7-AD03-16BE9B518BCB} = {581B9FE7-7A15-4AF7-AD03-16BE9B518BCB}
		{2879C089-C24C-4732-B8DD-9F6F3AE302FE} = {2879C089-C24C-4732-B8DD-9F6F3AE302FE}
		{97B273EE-A7A9-482A-8E1C-F709A4E633B8} = {97B273EE-A7A9-482A-8E1C-F709A4E633B8}
		{A3B5BD74-3497-4994-A647-EEF6891DAB6C} = {A3B5BD74-3497-4994-A647-EEF6891DAB6C}
		{DF86458A-4256-4166-AF1C-9FD175C5142B} = {DF86458A-4256-4166-AF1C-9FD175C5142B}
	EndProjectSection
EndProject
Project("{8BC9CEB8-8B4A-11D0-8D11-00A0C91BC942}") = "Half", "Half\Half.vcxproj", "{70C6D345-F2A8-4E3D-92AB-B40B2244D7E0}"
	ProjectSection(ProjectDependencies) = postProject
		{97B273EE-A7A9-482A-8E1C-F709A4E633B8} = {97B273EE-A7A9-482A-8E1C-F709A4E633B8}
		{A3B5BD74-3497-4994-A647-EEF6891DAB6C} = {A3B5BD74-3497-4994-A647-EEF6891DAB6C}
		{DF86458A-4256-4166-AF1C-9FD175C5142B} = {DF86458A-4256-4166-AF1C-9FD175C5142B}
	EndProjectSection
EndProject
Project("{8BC9CEB8-8B4A-11D0-8D11-00A0C91BC942}") = "HalfTest", "HalfTest\HalfTest.vcxproj", "{7D1D9C1D-1903-44DA-B509-757846AA8201}"
	ProjectSection(ProjectDependencies) = postProject
		{70C6D345-F2A8-4E3D-92AB-B40B2244D7E0} = {70C6D345-F2A8-4E3D-92AB-B40B2244D7E0}
		{97B273EE-A7A9-482A-8E1C-F709A4E633B8} = {97B273EE-A7A9-482A-8E1C-F709A4E633B8}
	EndProjectSection
EndProject
Project("{8BC9CEB8-8B4A-11D0-8D11-00A0C91BC942}") = "INSTALL", "INSTALL.vcxproj", "{F15170E6-49F6-4C0F-A802-23CBD0957787}"
	ProjectSection(ProjectDependencies) = postProject
		{065797EE-8784-4DEE-A59D-151640A96F5B} = {065797EE-8784-4DEE-A59D-151640A96F5B}
	EndProjectSection
EndProject
Project("{8BC9CEB8-8B4A-11D0-8D11-00A0C91BC942}") = "Iex", "Iex\Iex.vcxproj", "{93DFBF9B-AB87-4B45-ACDC-FD89D354A916}"
	ProjectSection(ProjectDependencies) = postProject
		{97B273EE-A7A9-482A-8E1C-F709A4E633B8} = {97B273EE-A7A9-482A-8E1C-F709A4E633B8}
	EndProjectSection
EndProject
Project("{8BC9CEB8-8B4A-11D0-8D11-00A0C91BC942}") = "IexMath", "IexMath\IexMath.vcxproj", "{EAAD8713-8A66-4D48-881F-F2C679732F17}"
	ProjectSection(ProjectDependencies) = postProject
		{93DFBF9B-AB87-4B45-ACDC-FD89D354A916} = {93DFBF9B-AB87-4B45-ACDC-FD89D354A916}
		{97B273EE-A7A9-482A-8E1C-F709A4E633B8} = {97B273EE-A7A9-482A-8E1C-F709A4E633B8}
	EndProjectSection
EndProject
Project("{8BC9CEB8-8B4A-11D0-8D11-00A0C91BC942}") = "IexTest", "IexTest\IexTest.vcxproj", "{A4459C65-46FE-4180-A543-C5611D2415C9}"
	ProjectSection(ProjectDependencies) = postProject
		{93DFBF9B-AB87-4B45-ACDC-FD89D354A916} = {93DFBF9B-AB87-4B45-ACDC-FD89D354A916}
		{97B273EE-A7A9-482A-8E1C-F709A4E633B8} = {97B273EE-A7A9-482A-8E1C-F709A4E633B8}
	EndProjectSection
EndProject
Project("{8BC9CEB8-8B4A-11D0-8D11-00A0C91BC942}") = "IlmThread", "IlmThread\IlmThread.vcxproj", "{35ADD655-0E54-4757-9EB3-33455C048CE7}"
	ProjectSection(ProjectDependencies) = postProject
		{93DFBF9B-AB87-4B45-ACDC-FD89D354A916} = {93DFBF9B-AB87-4B45-ACDC-FD89D354A916}
		{97B273EE-A7A9-482A-8E1C-F709A4E633B8} = {97B273EE-A7A9-482A-8E1C-F709A4E633B8}
	EndProjectSection
EndProject
Project("{8BC9CEB8-8B4A-11D0-8D11-00A0C91BC942}") = "Imath", "Imath\Imath.vcxproj", "{581B9FE7-7A15-4AF7-AD03-16BE9B518BCB}"
	ProjectSection(ProjectDependencies) = postProject
		{93DFBF9B-AB87-4B45-ACDC-FD89D354A916} = {93DFBF9B-AB87-4B45-ACDC-FD89D354A916}
		{97B273EE-A7A9-482A-8E1C-F709A4E633B8} = {97B273EE-A7A9-482A-8E1C-F709A4E633B8}
	EndProjectSection
EndProject
Project("{8BC9CEB8-8B4A-11D0-8D11-00A0C91BC942}") = "ImathTest", "ImathTest\ImathTest.vcxproj", "{2879C089-C24C-4732-B8DD-9F6F3AE302FE}"
	ProjectSection(ProjectDependencies) = postProject
		{93DFBF9B-AB87-4B45-ACDC-FD89D354A916} = {93DFBF9B-AB87-4B45-ACDC-FD89D354A916}
		{581B9FE7-7A15-4AF7-AD03-16BE9B518BCB} = {581B9FE7-7A15-4AF7-AD03-16BE9B518BCB}
		{97B273EE-A7A9-482A-8E1C-F709A4E633B8} = {97B273EE-A7A9-482A-8E1C-F709A4E633B8}
	EndProjectSection
EndProject
Project("{8BC9CEB8-8B4A-11D0-8D11-00A0C91BC942}") = "PACKAGE", "PACKAGE.vcxproj", "{DF1C2FE5-7EAF-4E2A-B23F-393D8D7ADF5A}"
	ProjectSection(ProjectDependencies) = postProject
		{065797EE-8784-4DEE-A59D-151640A96F5B} = {065797EE-8784-4DEE-A59D-151640A96F5B}
	EndProjectSection
EndProject
Project("{8BC9CEB8-8B4A-11D0-8D11-00A0C91BC942}") = "RUN_TESTS", "RUN_TESTS.vcxproj", "{575B2091-AC5D-4A54-882A-E83F1CCBC7EF}"
EndProject
Project("{8BC9CEB8-8B4A-11D0-8D11-00A0C91BC942}") = "ZERO_CHECK", "ZERO_CHECK.vcxproj", "{97B273EE-A7A9-482A-8E1C-F709A4E633B8}"
EndProject
Project("{8BC9CEB8-8B4A-11D0-8D11-00A0C91BC942}") = "eLut", "Half\eLut.vcxproj", "{A3B5BD74-3497-4994-A647-EEF6891DAB6C}"
	ProjectSection(ProjectDependencies) = postProject
		{97B273EE-A7A9-482A-8E1C-F709A4E633B8} = {97B273EE-A7A9-482A-8E1C-F709A4E633B8}
	EndProjectSection
EndProject
Project("{8BC9CEB8-8B4A-11D0-8D11-00A0C91BC942}") = "toFloat", "Half\toFloat.vcxproj", "{DF86458A-4256-4166-AF1C-9FD175C5142B}"
	ProjectSection(ProjectDependencies) = postProject
		{97B273EE-A7A9-482A-8E1C-F709A4E633B8} = {97B273EE-A7A9-482A-8E1C-F709A4E633B8}
	EndProjectSection
EndProject
Global
	GlobalSection(SolutionConfigurationPlatforms) = preSolution
		Debug|Win32 = Debug|Win32
		MinSizeRel|Win32 = MinSizeRel|Win32
		Release|Win32 = Release|Win32
		RelWithDebInfo|Win32 = RelWithDebInfo|Win32
	EndGlobalSection
	GlobalSection(ProjectConfigurationPlatforms) = postSolution
		{065797EE-8784-4DEE-A59D-151640A96F5B}.Debug|Win32.ActiveCfg = Debug|Win32
		{065797EE-8784-4DEE-A59D-151640A96F5B}.Debug|Win32.Build.0 = Debug|Win32
		{065797EE-8784-4DEE-A59D-151640A96F5B}.MinSizeRel|Win32.ActiveCfg = MinSizeRel|Win32
		{065797EE-8784-4DEE-A59D-151640A96F5B}.MinSizeRel|Win32.Build.0 = MinSizeRel|Win32
		{065797EE-8784-4DEE-A59D-151640A96F5B}.Release|Win32.ActiveCfg = Release|Win32
		{065797EE-8784-4DEE-A59D-151640A96F5B}.Release|Win32.Build.0 = Release|Win32
		{065797EE-8784-4DEE-A59D-151640A96F5B}.RelWithDebInfo|Win32.ActiveCfg = RelWithDebInfo|Win32
		{065797EE-8784-4DEE-A59D-151640A96F5B}.RelWithDebInfo|Win32.Build.0 = RelWithDebInfo|Win32
		{70C6D345-F2A8-4E3D-92AB-B40B2244D7E0}.Debug|Win32.ActiveCfg = Debug|Win32
		{70C6D345-F2A8-4E3D-92AB-B40B2244D7E0}.Debug|Win32.Build.0 = Debug|Win32
		{70C6D345-F2A8-4E3D-92AB-B40B2244D7E0}.MinSizeRel|Win32.ActiveCfg = MinSizeRel|Win32
		{70C6D345-F2A8-4E3D-92AB-B40B2244D7E0}.MinSizeRel|Win32.Build.0 = MinSizeRel|Win32
		{70C6D345-F2A8-4E3D-92AB-B40B2244D7E0}.Release|Win32.ActiveCfg = Release|Win32
		{70C6D345-F2A8-4E3D-92AB-B40B2244D7E0}.Release|Win32.Build.0 = Release|Win32
		{70C6D345-F2A8-4E3D-92AB-B40B2244D7E0}.RelWithDebInfo|Win32.ActiveCfg = RelWithDebInfo|Win32
		{70C6D345-F2A8-4E3D-92AB-B40B2244D7E0}.RelWithDebInfo|Win32.Build.0 = RelWithDebInfo|Win32
		{7D1D9C1D-1903-44DA-B509-757846AA8201}.Debug|Win32.ActiveCfg = Debug|Win32
		{7D1D9C1D-1903-44DA-B509-757846AA8201}.Debug|Win32.Build.0 = Debug|Win32
		{7D1D9C1D-1903-44DA-B509-757846AA8201}.MinSizeRel|Win32.ActiveCfg = MinSizeRel|Win32
		{7D1D9C1D-1903-44DA-B509-757846AA8201}.MinSizeRel|Win32.Build.0 = MinSizeRel|Win32
		{7D1D9C1D-1903-44DA-B509-757846AA8201}.Release|Win32.ActiveCfg = Release|Win32
		{7D1D9C1D-1903-44DA-B509-757846AA8201}.Release|Win32.Build.0 = Release|Win32
		{7D1D9C1D-1903-44DA-B509-757846AA8201}.RelWithDebInfo|Win32.ActiveCfg = RelWithDebInfo|Win32
		{7D1D9C1D-1903-44DA-B509-757846AA8201}.RelWithDebInfo|Win32.Build.0 = RelWithDebInfo|Win32
		{F15170E6-49F6-4C0F-A802-23CBD0957787}.Debug|Win32.ActiveCfg = Debug|Win32
		{F15170E6-49F6-4C0F-A802-23CBD0957787}.MinSizeRel|Win32.ActiveCfg = MinSizeRel|Win32
		{F15170E6-49F6-4C0F-A802-23CBD0957787}.Release|Win32.ActiveCfg = Release|Win32
		{F15170E6-49F6-4C0F-A802-23CBD0957787}.RelWithDebInfo|Win32.ActiveCfg = RelWithDebInfo|Win32
		{93DFBF9B-AB87-4B45-ACDC-FD89D354A916}.Debug|Win32.ActiveCfg = Debug|Win32
		{93DFBF9B-AB87-4B45-ACDC-FD89D354A916}.Debug|Win32.Build.0 = Debug|Win32
		{93DFBF9B-AB87-4B45-ACDC-FD89D354A916}.MinSizeRel|Win32.ActiveCfg = MinSizeRel|Win32
		{93DFBF9B-AB87-4B45-ACDC-FD89D354A916}.MinSizeRel|Win32.Build.0 = MinSizeRel|Win32
		{93DFBF9B-AB87-4B45-ACDC-FD89D354A916}.Release|Win32.ActiveCfg = Release|Win32
		{93DFBF9B-AB87-4B45-ACDC-FD89D354A916}.Release|Win32.Build.0 = Release|Win32
		{93DFBF9B-AB87-4B45-ACDC-FD89D354A916}.RelWithDebInfo|Win32.ActiveCfg = RelWithDebInfo|Win32
		{93DFBF9B-AB87-4B45-ACDC-FD89D354A916}.RelWithDebInfo|Win32.Build.0 = RelWithDebInfo|Win32
		{EAAD8713-8A66-4D48-881F-F2C679732F17}.Debug|Win32.ActiveCfg = Debug|Win32
		{EAAD8713-8A66-4D48-881F-F2C679732F17}.Debug|Win32.Build.0 = Debug|Win32
		{EAAD8713-8A66-4D48-881F-F2C679732F17}.MinSizeRel|Win32.ActiveCfg = MinSizeRel|Win32
		{EAAD8713-8A66-4D48-881F-F2C679732F17}.MinSizeRel|Win32.Build.0 = MinSizeRel|Win32
		{EAAD8713-8A66-4D48-881F-F2C679732F17}.Release|Win32.ActiveCfg = Release|Win32
		{EAAD8713-8A66-4D48-881F-F2C679732F17}.Release|Win32.Build.0 = Release|Win32
		{EAAD8713-8A66-4D48-881F-F2C679732F17}.RelWithDebInfo|Win32.ActiveCfg = RelWithDebInfo|Win32
		{EAAD8713-8A66-4D48-881F-F2C679732F17}.RelWithDebInfo|Win32.Build.0 = RelWithDebInfo|Win32
		{A4459C65-46FE-4180-A543-C5611D2415C9}.Debug|Win32.ActiveCfg = Debug|Win32
		{A4459C65-46FE-4180-A543-C5611D2415C9}.Debug|Win32.Build.0 = Debug|Win32
		{A4459C65-46FE-4180-A543-C5611D2415C9}.MinSizeRel|Win32.ActiveCfg = MinSizeRel|Win32
		{A4459C65-46FE-4180-A543-C5611D2415C9}.MinSizeRel|Win32.Build.0 = MinSizeRel|Win32
		{A4459C65-46FE-4180-A543-C5611D2415C9}.Release|Win32.ActiveCfg = Release|Win32
		{A4459C65-46FE-4180-A543-C5611D2415C9}.Release|Win32.Build.0 = Release|Win32
		{A4459C65-46FE-4180-A543-C5611D2415C9}.RelWithDebInfo|Win32.ActiveCfg = RelWithDebInfo|Win32
		{A4459C65-46FE-4180-A543-C5611D2415C9}.RelWithDebInfo|Win32.Build.0 = RelWithDebInfo|Win32
		{35ADD655-0E54-4757-9EB3-33455C048CE7}.Debug|Win32.ActiveCfg = Debug|Win32
		{35ADD655-0E54-4757-9EB3-33455C048CE7}.Debug|Win32.Build.0 = Debug|Win32
		{35ADD655-0E54-4757-9EB3-33455C048CE7}.MinSizeRel|Win32.ActiveCfg = MinSizeRel|Win32
		{35ADD655-0E54-4757-9EB3-33455C048CE7}.MinSizeRel|Win32.Build.0 = MinSizeRel|Win32
		{35ADD655-0E54-4757-9EB3-33455C048CE7}.Release|Win32.ActiveCfg = Release|Win32
		{35ADD655-0E54-4757-9EB3-33455C048CE7}.Release|Win32.Build.0 = Release|Win32
		{35ADD655-0E54-4757-9EB3-33455C048CE7}.RelWithDebInfo|Win32.ActiveCfg = RelWithDebInfo|Win32
		{35ADD655-0E54-4757-9EB3-33455C048CE7}.RelWithDebInfo|Win32.Build.0 = RelWithDebInfo|Win32
		{581B9FE7-7A15-4AF7-AD03-16BE9B518BCB}.Debug|Win32.ActiveCfg = Debug|Win32
		{581B9FE7-7A15-4AF7-AD03-16BE9B518BCB}.Debug|Win32.Build.0 = Debug|Win32
		{581B9FE7-7A15-4AF7-AD03-16BE9B518BCB}.MinSizeRel|Win32.ActiveCfg = MinSizeRel|Win32
		{581B9FE7-7A15-4AF7-AD03-16BE9B518BCB}.MinSizeRel|Win32.Build.0 = MinSizeRel|Win32
		{581B9FE7-7A15-4AF7-AD03-16BE9B518BCB}.Release|Win32.ActiveCfg = Release|Win32
		{581B9FE7-7A15-4AF7-AD03-16BE9B518BCB}.Release|Win32.Build.0 = Release|Win32
		{581B9FE7-7A15-4AF7-AD03-16BE9B518BCB}.RelWithDebInfo|Win32.ActiveCfg = RelWithDebInfo|Win32
		{581B9FE7-7A15-4AF7-AD03-16BE9B518BCB}.RelWithDebInfo|Win32.Build.0 = RelWithDebInfo|Win32
		{2879C089-C24C-4732-B8DD-9F6F3AE302FE}.Debug|Win32.ActiveCfg = Debug|Win32
		{2879C089-C24C-4732-B8DD-9F6F3AE302FE}.Debug|Win32.Build.0 = Debug|Win32
		{2879C089-C24C-4732-B8DD-9F6F3AE302FE}.MinSizeRel|Win32.ActiveCfg = MinSizeRel|Win32
		{2879C089-C24C-4732-B8DD-9F6F3AE302FE}.MinSizeRel|Win32.Build.0 = MinSizeRel|Win32
		{2879C089-C24C-4732-B8DD-9F6F3AE302FE}.Release|Win32.ActiveCfg = Release|Win32
		{2879C089-C24C-4732-B8DD-9F6F3AE302FE}.Release|Win32.Build.0 = Release|Win32
		{2879C089-C24C-4732-B8DD-9F6F3AE302FE}.RelWithDebInfo|Win32.ActiveCfg = RelWithDebInfo|Win32
		{2879C089-C24C-4732-B8DD-9F6F3AE302FE}.RelWithDebInfo|Win32.Build.0 = RelWithDebInfo|Win32
		{DF1C2FE5-7EAF-4E2A-B23F-393D8D7ADF5A}.Debug|Win32.ActiveCfg = Debug|Win32
		{DF1C2FE5-7EAF-4E2A-B23F-393D8D7ADF5A}.MinSizeRel|Win32.ActiveCfg = MinSizeRel|Win32
		{DF1C2FE5-7EAF-4E2A-B23F-393D8D7ADF5A}.Release|Win32.ActiveCfg = Release|Win32
		{DF1C2FE5-7EAF-4E2A-B23F-393D8D7ADF5A}.RelWithDebInfo|Win32.ActiveCfg = RelWithDebInfo|Win32
		{575B2091-AC5D-4A54-882A-E83F1CCBC7EF}.Debug|Win32.ActiveCfg = Debug|Win32
		{575B2091-AC5D-4A54-882A-E83F1CCBC7EF}.MinSizeRel|Win32.ActiveCfg = MinSizeRel|Win32
		{575B2091-AC5D-4A54-882A-E83F1CCBC7EF}.Release|Win32.ActiveCfg = Release|Win32
		{575B2091-AC5D-4A54-882A-E83F1CCBC7EF}.RelWithDebInfo|Win32.ActiveCfg = RelWithDebInfo|Win32
		{97B273EE-A7A9-482A-8E1C-F709A4E633B8}.Debug|Win32.ActiveCfg = Debug|Win32
		{97B273EE-A7A9-482A-8E1C-F709A4E633B8}.Debug|Win32.Build.0 = Debug|Win32
		{97B273EE-A7A9-482A-8E1C-F709A4E633B8}.MinSizeRel|Win32.ActiveCfg = MinSizeRel|Win32
		{97B273EE-A7A9-482A-8E1C-F709A4E633B8}.MinSizeRel|Win32.Build.0 = MinSizeRel|Win32
		{97B273EE-A7A9-482A-8E1C-F709A4E633B8}.Release|Win32.ActiveCfg = Release|Win32
		{97B273EE-A7A9-482A-8E1C-F709A4E633B8}.Release|Win32.Build.0 = Release|Win32
		{97B273EE-A7A9-482A-8E1C-F709A4E633B8}.RelWithDebInfo|Win32.ActiveCfg = RelWithDebInfo|Win32
		{97B273EE-A7A9-482A-8E1C-F709A4E633B8}.RelWithDebInfo|Win32.Build.0 = RelWithDebInfo|Win32
		{A3B5BD74-3497-4994-A647-EEF6891DAB6C}.Debug|Win32.ActiveCfg = Debug|Win32
		{A3B5BD74-3497-4994-A647-EEF6891DAB6C}.Debug|Win32.Build.0 = Debug|Win32
		{A3B5BD74-3497-4994-A647-EEF6891DAB6C}.MinSizeRel|Win32.ActiveCfg = MinSizeRel|Win32
		{A3B5BD74-3497-4994-A647-EEF6891DAB6C}.MinSizeRel|Win32.Build.0 = MinSizeRel|Win32
		{A3B5BD74-3497-4994-A647-EEF6891DAB6C}.Release|Win32.ActiveCfg = Release|Win32
		{A3B5BD74-3497-4994-A647-EEF6891DAB6C}.Release|Win32.Build.0 = Release|Win32
		{A3B5BD74-3497-4994-A647-EEF6891DAB6C}.RelWithDebInfo|Win32.ActiveCfg = RelWithDebInfo|Win32
		{A3B5BD74-3497-4994-A647-EEF6891DAB6C}.RelWithDebInfo|Win32.Build.0 = RelWithDebInfo|Win32
		{DF86458A-4256-4166-AF1C-9FD175C5142B}.Debug|Win32.ActiveCfg = Debug|Win32
		{DF86458A-4256-4166-AF1C-9FD175C5142B}.Debug|Win32.Build.0 = Debug|Win32
		{DF86458A-4256-4166-AF1C-9FD175C5142B}.MinSizeRel|Win32.ActiveCfg = MinSizeRel|Win32
		{DF86458A-4256-4166-AF1C-9FD175C5142B}.MinSizeRel|Win32.Build.0 = MinSizeRel|Win32
		{DF86458A-4256-4166-AF1C-9FD175C5142B}.Release|Win32.ActiveCfg = Release|Win32
		{DF86458A-4256-4166-AF1C-9FD175C5142B}.Release|Win32.Build.0 = Release|Win32
		{DF86458A-4256-4166-AF1C-9FD175C5142B}.RelWithDebInfo|Win32.ActiveCfg = RelWithDebInfo|Win32
		{DF86458A-4256-4166-AF1C-9FD175C5142B}.RelWithDebInfo|Win32.Build.0 = RelWithDebInfo|Win32
	EndGlobalSection
	GlobalSection(SolutionProperties) = preSolution
		HideSolutionNode = FALSE
	EndGlobalSection
EndGlobal
