<?xml version="1.0" encoding="utf-8"?>
<Project ToolsVersion="12.0" xmlns="http://schemas.microsoft.com/developer/msbuild/2003">
  <ItemGroup>
    <CustomBuild Include="..\CMakeFiles\8bbb65d85a1cead1e5343d4bf7f8efed\RUN_TESTS_force.rule">
      <Filter>CMake Rules</Filter>
    </CustomBuild>
  </ItemGroup>
  <ItemGroup>
    <Filter Include="CMake Rules">
      <UniqueIdentifier>{BE2389E4-438C-4FCD-AE3F-057EFFBB8C8B}</UniqueIdentifier>
    </Filter>
  </ItemGroup>
</Project>
